
Microsoft Visual Studio Solution File, Format Version 12.00
# Visual Studio Version 16
VisualStudioVersion = 16.0.29326.143
MinimumVisualStudioVersion = 10.0.40219.1
Project("{FAE04EC0-301F-11D3-BF4B-00C04F79EFBC}") = "AddMenuItemAtRuntime.UWP", "AddMenuItemAtRuntime\AddMenuItemAtRuntime.UWP\AddMenuItemAtRuntime.UWP.csproj", "{BB29FC99-41FC-4D22-B2CA-F0D755AECB6E}"
EndProject
Project("{FAE04EC0-301F-11D3-BF4B-00C04F79EFBC}") = "AddMenuItemAtRuntime.Android", "AddMenuItemAtRuntime\AddMenuItemAtRuntime.Android\AddMenuItemAtRuntime.Android.csproj", "{39D12F21-F41F-470A-90EC-218BF66D19CE}"
EndProject
Project("{FAE04EC0-301F-11D3-BF4B-00C04F79EFBC}") = "AddMenuItemAtRuntime.iOS", "AddMenuItemAtRuntime\AddMenuItemAtRuntime.iOS\AddMenuItemAtRuntime.iOS.csproj", "{1E2BA1D0-C4B9-45CD-A138-AEE293AC7C18}"
EndProject
Project("{FAE04EC0-301F-11D3-BF4B-00C04F79EFBC}") = "AddMenuItemAtRuntime", "AddMenuItemAtRuntime\AddMenuItemAtRuntime\AddMenuItemAtRuntime.csproj", "{361EEC50-F2BB-40E0-BCBB-72829912FFF9}"
EndProject
Global
	GlobalSection(SolutionConfigurationPlatforms) = preSolution
		Debug|Any CPU = Debug|Any CPU
		Debug|ARM = Debug|ARM
		Debug|iPhone = Debug|iPhone
		Debug|iPhoneSimulator = Debug|iPhoneSimulator
		Debug|x64 = Debug|x64
		Debug|x86 = Debug|x86
		Release|Any CPU = Release|Any CPU
		Release|ARM = Release|ARM
		Release|iPhone = Release|iPhone
		Release|iPhoneSimulator = Release|iPhoneSimulator
		Release|x64 = Release|x64
		Release|x86 = Release|x86
	EndGlobalSection
	GlobalSection(ProjectConfigurationPlatforms) = postSolution
		{BB29FC99-41FC-4D22-B2CA-F0D755AECB6E}.Debug|Any CPU.ActiveCfg = Debug|x86
		{BB29FC99-41FC-4D22-B2CA-F0D755AECB6E}.Debug|Any CPU.Build.0 = Debug|x86
		{BB29FC99-41FC-4D22-B2CA-F0D755AECB6E}.Debug|Any CPU.Deploy.0 = Debug|x86
		{BB29FC99-41FC-4D22-B2CA-F0D755AECB6E}.Debug|ARM.ActiveCfg = Debug|ARM
		{BB29FC99-41FC-4D22-B2CA-F0D755AECB6E}.Debug|ARM.Build.0 = Debug|ARM
		{BB29FC99-41FC-4D22-B2CA-F0D755AECB6E}.Debug|ARM.Deploy.0 = Debug|ARM
		{BB29FC99-41FC-4D22-B2CA-F0D755AECB6E}.Debug|iPhone.ActiveCfg = Debug|x86
		{BB29FC99-41FC-4D22-B2CA-F0D755AECB6E}.Debug|iPhone.Build.0 = Debug|x86
		{BB29FC99-41FC-4D22-B2CA-F0D755AECB6E}.Debug|iPhone.Deploy.0 = Debug|x86
		{BB29FC99-41FC-4D22-B2CA-F0D755AECB6E}.Debug|iPhoneSimulator.ActiveCfg = Debug|x86
		{BB29FC99-41FC-4D22-B2CA-F0D755AECB6E}.Debug|iPhoneSimulator.Build.0 = Debug|x86
		{BB29FC99-41FC-4D22-B2CA-F0D755AECB6E}.Debug|iPhoneSimulator.Deploy.0 = Debug|x86
		{BB29FC99-41FC-4D22-B2CA-F0D755AECB6E}.Debug|x64.ActiveCfg = Debug|x64
		{BB29FC99-41FC-4D22-B2CA-F0D755AECB6E}.Debug|x64.Build.0 = Debug|x64
		{BB29FC99-41FC-4D22-B2CA-F0D755AECB6E}.Debug|x64.Deploy.0 = Debug|x64
		{BB29FC99-41FC-4D22-B2CA-F0D755AECB6E}.Debug|x86.ActiveCfg = Debug|x86
		{BB29FC99-41FC-4D22-B2CA-F0D755AECB6E}.Debug|x86.Build.0 = Debug|x86
		{BB29FC99-41FC-4D22-B2CA-F0D755AECB6E}.Debug|x86.Deploy.0 = Debug|x86
		{BB29FC99-41FC-4D22-B2CA-F0D755AECB6E}.Release|Any CPU.ActiveCfg = Release|x86
		{BB29FC99-41FC-4D22-B2CA-F0D755AECB6E}.Release|Any CPU.Build.0 = Release|x86
		{BB29FC99-41FC-4D22-B2CA-F0D755AECB6E}.Release|Any CPU.Deploy.0 = Release|x86
		{BB29FC99-41FC-4D22-B2CA-F0D755AECB6E}.Release|ARM.ActiveCfg = Release|ARM
		{BB29FC99-41FC-4D22-B2CA-F0D755AECB6E}.Release|ARM.Build.0 = Release|ARM
		{BB29FC99-41FC-4D22-B2CA-F0D755AECB6E}.Release|ARM.Deploy.0 = Release|ARM
		{BB29FC99-41FC-4D22-B2CA-F0D755AECB6E}.Release|iPhone.ActiveCfg = Release|x86
		{BB29FC99-41FC-4D22-B2CA-F0D755AECB6E}.Release|iPhone.Build.0 = Release|x86
		{BB29FC99-41FC-4D22-B2CA-F0D755AECB6E}.Release|iPhone.Deploy.0 = Release|x86
		{BB29FC99-41FC-4D22-B2CA-F0D755AECB6E}.Release|iPhoneSimulator.ActiveCfg = Release|x86
		{BB29FC99-41FC-4D22-B2CA-F0D755AECB6E}.Release|iPhoneSimulator.Build.0 = Release|x86
		{BB29FC99-41FC-4D22-B2CA-F0D755AECB6E}.Release|iPhoneSimulator.Deploy.0 = Release|x86
		{BB29FC99-41FC-4D22-B2CA-F0D755AECB6E}.Release|x64.ActiveCfg = Release|x64
		{BB29FC99-41FC-4D22-B2CA-F0D755AECB6E}.Release|x64.Build.0 = Release|x64
		{BB29FC99-41FC-4D22-B2CA-F0D755AECB6E}.Release|x64.Deploy.0 = Release|x64
		{BB29FC99-41FC-4D22-B2CA-F0D755AECB6E}.Release|x86.ActiveCfg = Release|x86
		{BB29FC99-41FC-4D22-B2CA-F0D755AECB6E}.Release|x86.Build.0 = Release|x86
		{BB29FC99-41FC-4D22-B2CA-F0D755AECB6E}.Release|x86.Deploy.0 = Release|x86
		{39D12F21-F41F-470A-90EC-218BF66D19CE}.Debug|Any CPU.ActiveCfg = Debug|Any CPU
		{39D12F21-F41F-470A-90EC-218BF66D19CE}.Debug|Any CPU.Build.0 = Debug|Any CPU
		{39D12F21-F41F-470A-90EC-218BF66D19CE}.Debug|Any CPU.Deploy.0 = Debug|Any CPU
		{39D12F21-F41F-470A-90EC-218BF66D19CE}.Debug|ARM.ActiveCfg = Debug|Any CPU
		{39D12F21-F41F-470A-90EC-218BF66D19CE}.Debug|ARM.Build.0 = Debug|Any CPU
		{39D12F21-F41F-470A-90EC-218BF66D19CE}.Debug|ARM.Deploy.0 = Debug|Any CPU
		{39D12F21-F41F-470A-90EC-218BF66D19CE}.Debug|iPhone.ActiveCfg = Debug|Any CPU
		{39D12F21-F41F-470A-90EC-218BF66D19CE}.Debug|iPhone.Build.0 = Debug|Any CPU
		{39D12F21-F41F-470A-90EC-218BF66D19CE}.Debug|iPhone.Deploy.0 = Debug|Any CPU
		{39D12F21-F41F-470A-90EC-218BF66D19CE}.Debug|iPhoneSimulator.ActiveCfg = Debug|Any CPU
		{39D12F21-F41F-470A-90EC-218BF66D19CE}.Debug|iPhoneSimulator.Build.0 = Debug|Any CPU
		{39D12F21-F41F-470A-90EC-218BF66D19CE}.Debug|iPhoneSimulator.Deploy.0 = Debug|Any CPU
		{39D12F21-F41F-470A-90EC-218BF66D19CE}.Debug|x64.ActiveCfg = Debug|Any CPU
		{39D12F21-F41F-470A-90EC-218BF66D19CE}.Debug|x64.Build.0 = Debug|Any CPU
		{39D12F21-F41F-470A-90EC-218BF66D19CE}.Debug|x64.Deploy.0 = Debug|Any CPU
		{39D12F21-F41F-470A-90EC-218BF66D19CE}.Debug|x86.ActiveCfg = Debug|Any CPU
		{39D12F21-F41F-470A-90EC-218BF66D19CE}.Debug|x86.Build.0 = Debug|Any CPU
		{39D12F21-F41F-470A-90EC-218BF66D19CE}.Debug|x86.Deploy.0 = Debug|Any CPU
		{39D12F21-F41F-470A-90EC-218BF66D19CE}.Release|Any CPU.ActiveCfg = Release|Any CPU
		{39D12F21-F41F-470A-90EC-218BF66D19CE}.Release|Any CPU.Build.0 = Release|Any CPU
		{39D12F21-F41F-470A-90EC-218BF66D19CE}.Release|Any CPU.Deploy.0 = Release|Any CPU
		{39D12F21-F41F-470A-90EC-218BF66D19CE}.Release|ARM.ActiveCfg = Release|Any CPU
		{39D12F21-F41F-470A-90EC-218BF66D19CE}.Release|ARM.Build.0 = Release|Any CPU
		{39D12F21-F41F-470A-90EC-218BF66D19CE}.Release|ARM.Deploy.0 = Release|Any CPU
		{39D12F21-F41F-470A-90EC-218BF66D19CE}.Release|iPhone.ActiveCfg = Release|Any CPU
		{39D12F21-F41F-470A-90EC-218BF66D19CE}.Release|iPhone.Build.0 = Release|Any CPU
		{39D12F21-F41F-470A-90EC-218BF66D19CE}.Release|iPhone.Deploy.0 = Release|Any CPU
		{39D12F21-F41F-470A-90EC-218BF66D19CE}.Release|iPhoneSimulator.ActiveCfg = Release|Any CPU
		{39D12F21-F41F-470A-90EC-218BF66D19CE}.Release|iPhoneSimulator.Build.0 = Release|Any CPU
		{39D12F21-F41F-470A-90EC-218BF66D19CE}.Release|iPhoneSimulator.Deploy.0 = Release|Any CPU
		{39D12F21-F41F-470A-90EC-218BF66D19CE}.Release|x64.ActiveCfg = Release|Any CPU
		{39D12F21-F41F-470A-90EC-218BF66D19CE}.Release|x64.Build.0 = Release|Any CPU
		{39D12F21-F41F-470A-90EC-218BF66D19CE}.Release|x64.Deploy.0 = Release|Any CPU
		{39D12F21-F41F-470A-90EC-218BF66D19CE}.Release|x86.ActiveCfg = Release|Any CPU
		{39D12F21-F41F-470A-90EC-218BF66D19CE}.Release|x86.Build.0 = Release|Any CPU
		{39D12F21-F41F-470A-90EC-218BF66D19CE}.Release|x86.Deploy.0 = Release|Any CPU
		{1E2BA1D0-C4B9-45CD-A138-AEE293AC7C18}.Debug|Any CPU.ActiveCfg = Debug|iPhone
		{1E2BA1D0-C4B9-45CD-A138-AEE293AC7C18}.Debug|Any CPU.Build.0 = Debug|iPhone
		{1E2BA1D0-C4B9-45CD-A138-AEE293AC7C18}.Debug|Any CPU.Deploy.0 = Debug|iPhone
		{1E2BA1D0-C4B9-45CD-A138-AEE293AC7C18}.Debug|ARM.ActiveCfg = Debug|iPhoneSimulator
		{1E2BA1D0-C4B9-45CD-A138-AEE293AC7C18}.Debug|ARM.Build.0 = Debug|iPhoneSimulator
		{1E2BA1D0-C4B9-45CD-A138-AEE293AC7C18}.Debug|ARM.Deploy.0 = Debug|iPhoneSimulator
		{1E2BA1D0-C4B9-45CD-A138-AEE293AC7C18}.Debug|iPhone.ActiveCfg = Debug|iPhone
		{1E2BA1D0-C4B9-45CD-A138-AEE293AC7C18}.Debug|iPhone.Build.0 = Debug|iPhone
		{1E2BA1D0-C4B9-45CD-A138-AEE293AC7C18}.Debug|iPhone.Deploy.0 = Debug|iPhone
		{1E2BA1D0-C4B9-45CD-A138-AEE293AC7C18}.Debug|iPhoneSimulator.ActiveCfg = Debug|iPhoneSimulator
		{1E2BA1D0-C4B9-45CD-A138-AEE293AC7C18}.Debug|iPhoneSimulator.Build.0 = Debug|iPhoneSimulator
		{1E2BA1D0-C4B9-45CD-A138-AEE293AC7C18}.Debug|iPhoneSimulator.Deploy.0 = Debug|iPhoneSimulator
		{1E2BA1D0-C4B9-45CD-A138-AEE293AC7C18}.Debug|x64.ActiveCfg = Debug|iPhone
		{1E2BA1D0-C4B9-45CD-A138-AEE293AC7C18}.Debug|x64.Build.0 = Debug|iPhone
		{1E2BA1D0-C4B9-45CD-A138-AEE293AC7C18}.Debug|x64.Deploy.0 = Debug|iPhone
		{1E2BA1D0-C4B9-45CD-A138-AEE293AC7C18}.Debug|x86.ActiveCfg = Debug|iPhone
		{1E2BA1D0-C4B9-45CD-A138-AEE293AC7C18}.Debug|x86.Build.0 = Debug|iPhone
		{1E2BA1D0-C4B9-45CD-A138-AEE293AC7C18}.Debug|x86.Deploy.0 = Debug|iPhone
		{1E2BA1D0-C4B9-45CD-A138-AEE293AC7C18}.Release|Any CPU.ActiveCfg = Release|iPhone
		{1E2BA1D0-C4B9-45CD-A138-AEE293AC7C18}.Release|Any CPU.Build.0 = Release|iPhone
		{1E2BA1D0-C4B9-45CD-A138-AEE293AC7C18}.Release|Any CPU.Deploy.0 = Release|iPhone
		{1E2BA1D0-C4B9-45CD-A138-AEE293AC7C18}.Release|ARM.ActiveCfg = Release|iPhone
		{1E2BA1D0-C4B9-45CD-A138-AEE293AC7C18}.Release|ARM.Build.0 = Release|iPhone
		{1E2BA1D0-C4B9-45CD-A138-AEE293AC7C18}.Release|ARM.Deploy.0 = Release|iPhone
		{1E2BA1D0-C4B9-45CD-A138-AEE293AC7C18}.Release|iPhone.ActiveCfg = Release|iPhone
		{1E2BA1D0-C4B9-45CD-A138-AEE293AC7C18}.Release|iPhone.Build.0 = Release|iPhone
		{1E2BA1D0-C4B9-45CD-A138-AEE293AC7C18}.Release|iPhone.Deploy.0 = Release|iPhone
		{1E2BA1D0-C4B9-45CD-A138-AEE293AC7C18}.Release|iPhoneSimulator.ActiveCfg = Release|iPhoneSimulator
		{1E2BA1D0-C4B9-45CD-A138-AEE293AC7C18}.Release|iPhoneSimulator.Build.0 = Release|iPhoneSimulator
		{1E2BA1D0-C4B9-45CD-A138-AEE293AC7C18}.Release|iPhoneSimulator.Deploy.0 = Release|iPhoneSimulator
		{1E2BA1D0-C4B9-45CD-A138-AEE293AC7C18}.Release|x64.ActiveCfg = Release|iPhone
		{1E2BA1D0-C4B9-45CD-A138-AEE293AC7C18}.Release|x64.Build.0 = Release|iPhone
		{1E2BA1D0-C4B9-45CD-A138-AEE293AC7C18}.Release|x64.Deploy.0 = Release|iPhone
		{1E2BA1D0-C4B9-45CD-A138-AEE293AC7C18}.Release|x86.ActiveCfg = Release|iPhone
		{1E2BA1D0-C4B9-45CD-A138-AEE293AC7C18}.Release|x86.Build.0 = Release|iPhone
		{1E2BA1D0-C4B9-45CD-A138-AEE293AC7C18}.Release|x86.Deploy.0 = Release|iPhone
		{361EEC50-F2BB-40E0-BCBB-72829912FFF9}.Debug|Any CPU.ActiveCfg = Debug|Any CPU
		{361EEC50-F2BB-40E0-BCBB-72829912FFF9}.Debug|Any CPU.Build.0 = Debug|Any CPU
		{361EEC50-F2BB-40E0-BCBB-72829912FFF9}.Debug|Any CPU.Deploy.0 = Debug|Any CPU
		{361EEC50-F2BB-40E0-BCBB-72829912FFF9}.Debug|ARM.ActiveCfg = Debug|Any CPU
		{361EEC50-F2BB-40E0-BCBB-72829912FFF9}.Debug|ARM.Build.0 = Debug|Any CPU
		{361EEC50-F2BB-40E0-BCBB-72829912FFF9}.Debug|ARM.Deploy.0 = Debug|Any CPU
		{361EEC50-F2BB-40E0-BCBB-72829912FFF9}.Debug|iPhone.ActiveCfg = Debug|Any CPU
		{361EEC50-F2BB-40E0-BCBB-72829912FFF9}.Debug|iPhone.Build.0 = Debug|Any CPU
		{361EEC50-F2BB-40E0-BCBB-72829912FFF9}.Debug|iPhone.Deploy.0 = Debug|Any CPU
		{361EEC50-F2BB-40E0-BCBB-72829912FFF9}.Debug|iPhoneSimulator.ActiveCfg = Debug|Any CPU
		{361EEC50-F2BB-40E0-BCBB-72829912FFF9}.Debug|iPhoneSimulator.Build.0 = Debug|Any CPU
		{361EEC50-F2BB-40E0-BCBB-72829912FFF9}.Debug|iPhoneSimulator.Deploy.0 = Debug|Any CPU
		{361EEC50-F2BB-40E0-BCBB-72829912FFF9}.Debug|x64.ActiveCfg = Debug|Any CPU
		{361EEC50-F2BB-40E0-BCBB-72829912FFF9}.Debug|x64.Build.0 = Debug|Any CPU
		{361EEC50-F2BB-40E0-BCBB-72829912FFF9}.Debug|x64.Deploy.0 = Debug|Any CPU
		{361EEC50-F2BB-40E0-BCBB-72829912FFF9}.Debug|x86.ActiveCfg = Debug|Any CPU
		{361EEC50-F2BB-40E0-BCBB-72829912FFF9}.Debug|x86.Build.0 = Debug|Any CPU
		{361EEC50-F2BB-40E0-BCBB-72829912FFF9}.Debug|x86.Deploy.0 = Debug|Any CPU
		{361EEC50-F2BB-40E0-BCBB-72829912FFF9}.Release|Any CPU.ActiveCfg = Release|Any CPU
		{361EEC50-F2BB-40E0-BCBB-72829912FFF9}.Release|Any CPU.Build.0 = Release|Any CPU
		{361EEC50-F2BB-40E0-BCBB-72829912FFF9}.Release|Any CPU.Deploy.0 = Release|Any CPU
		{361EEC50-F2BB-40E0-BCBB-72829912FFF9}.Release|ARM.ActiveCfg = Release|Any CPU
		{361EEC50-F2BB-40E0-BCBB-72829912FFF9}.Release|ARM.Build.0 = Release|Any CPU
		{361EEC50-F2BB-40E0-BCBB-72829912FFF9}.Release|ARM.Deploy.0 = Release|Any CPU
		{361EEC50-F2BB-40E0-BCBB-72829912FFF9}.Release|iPhone.ActiveCfg = Release|Any CPU
		{361EEC50-F2BB-40E0-BCBB-72829912FFF9}.Release|iPhone.Build.0 = Release|Any CPU
		{361EEC50-F2BB-40E0-BCBB-72829912FFF9}.Release|iPhone.Deploy.0 = Release|Any CPU
		{361EEC50-F2BB-40E0-BCBB-72829912FFF9}.Release|iPhoneSimulator.ActiveCfg = Release|Any CPU
		{361EEC50-F2BB-40E0-BCBB-72829912FFF9}.Release|iPhoneSimulator.Build.0 = Release|Any CPU
		{361EEC50-F2BB-40E0-BCBB-72829912FFF9}.Release|iPhoneSimulator.Deploy.0 = Release|Any CPU
		{361EEC50-F2BB-40E0-BCBB-72829912FFF9}.Release|x64.ActiveCfg = Release|Any CPU
		{361EEC50-F2BB-40E0-BCBB-72829912FFF9}.Release|x64.Build.0 = Release|Any CPU
		{361EEC50-F2BB-40E0-BCBB-72829912FFF9}.Release|x64.Deploy.0 = Release|Any CPU
		{361EEC50-F2BB-40E0-BCBB-72829912FFF9}.Release|x86.ActiveCfg = Release|Any CPU
		{361EEC50-F2BB-40E0-BCBB-72829912FFF9}.Release|x86.Build.0 = Release|Any CPU
		{361EEC50-F2BB-40E0-BCBB-72829912FFF9}.Release|x86.Deploy.0 = Release|Any CPU
	EndGlobalSection
	GlobalSection(SolutionProperties) = preSolution
		HideSolutionNode = FALSE
	EndGlobalSection
	GlobalSection(ExtensibilityGlobals) = postSolution
		SolutionGuid = {4B775691-BAEB-477E-A582-A23B7F3CB9FD}
	EndGlobalSection
EndGlobal
